// !$*UTF8*$!
{
	archiveVersion = 1;
	classes = {
	};
	objectVersion = 56;
	objects = {

/* Begin PBXBuildFile section */
		76F45AEF2B037EEF003F1446 /* steps_appApp.swift in Sources */ = {isa = PBXBuildFile; fileRef = 76F45AEE2B037EEF003F1446 /* steps_appApp.swift */; };
		76F45AF12B037EEF003F1446 /* ContentView.swift in Sources */ = {isa = PBXBuildFile; fileRef = 76F45AF02B037EEF003F1446 /* ContentView.swift */; };
		76F45AF32B037EF0003F1446 /* Assets.xcassets in Resources */ = {isa = PBXBuildFile; fileRef = 76F45AF22B037EF0003F1446 /* Assets.xcassets */; };
		76F45AF62B037EF0003F1446 /* Preview Assets.xcassets in Resources */ = {isa = PBXBuildFile; fileRef = 76F45AF52B037EF0003F1446 /* Preview Assets.xcassets */; };
		76F45B002B037EF0003F1446 /* steps_appTests.swift in Sources */ = {isa = PBXBuildFile; fileRef = 76F45AFF2B037EF0003F1446 /* steps_appTests.swift */; };
		76F45B0A2B037EF0003F1446 /* steps_appUITests.swift in Sources */ = {isa = PBXBuildFile; fileRef = 76F45B092B037EF0003F1446 /* steps_appUITests.swift */; };
		76F45B0C2B037EF0003F1446 /* steps_appUITestsLaunchTests.swift in Sources */ = {isa = PBXBuildFile; fileRef = 76F45B0B2B037EF0003F1446 /* steps_appUITestsLaunchTests.swift */; };
/* End PBXBuildFile section */

/* Begin PBXContainerItemProxy section */
		76F45AFC2B037EF0003F1446 /* PBXContainerItemProxy */ = {
			isa = PBXContainerItemProxy;
			containerPortal = 76F45AE32B037EEE003F1446 /* Project object */;
			proxyType = 1;
			remoteGlobalIDString = 76F45AEA2B037EEE003F1446;
			remoteInfo = "steps-app";
		};
		76F45B062B037EF0003F1446 /* PBXContainerItemProxy */ = {
			isa = PBXContainerItemProxy;
			containerPortal = 76F45AE32B037EEE003F1446 /* Project object */;
			proxyType = 1;
			remoteGlobalIDString = 76F45AEA2B037EEE003F1446;
			remoteInfo = "steps-app";
		};
/* End PBXContainerItemProxy section */

/* Begin PBXFileReference section */
		76F45AEB2B037EEF003F1446 /* steps-app.app */ = {isa = PBXFileReference; explicitFileType = wrapper.application; includeInIndex = 0; path = "steps-app.app"; sourceTree = BUILT_PRODUCTS_DIR; };
		76F45AEE2B037EEF003F1446 /* steps_appApp.swift */ = {isa = PBXFileReference; lastKnownFileType = sourcecode.swift; path = steps_appApp.swift; sourceTree = "<group>"; };
		76F45AF02B037EEF003F1446 /* ContentView.swift */ = {isa = PBXFileReference; lastKnownFileType = sourcecode.swift; path = ContentView.swift; sourceTree = "<group>"; };
		76F45AF22B037EF0003F1446 /* Assets.xcassets */ = {isa = PBXFileReference; lastKnownFileType = folder.assetcatalog; path = Assets.xcassets; sourceTree = "<group>"; };
		76F45AF52B037EF0003F1446 /* Preview Assets.xcassets */ = {isa = PBXFileReference; lastKnownFileType = folder.assetcatalog; path = "Preview Assets.xcassets"; sourceTree = "<group>"; };
		76F45AFB2B037EF0003F1446 /* steps-appTests.xctest */ = {isa = PBXFileReference; explicitFileType = wrapper.cfbundle; includeInIndex = 0; path = "steps-appTests.xctest"; sourceTree = BUILT_PRODUCTS_DIR; };
		76F45AFF2B037EF0003F1446 /* steps_appTests.swift */ = {isa = PBXFileReference; lastKnownFileType = sourcecode.swift; path = steps_appTests.swift; sourceTree = "<group>"; };
		76F45B052B037EF0003F1446 /* steps-appUITests.xctest */ = {isa = PBXFileReference; explicitFileType = wrapper.cfbundle; includeInIndex = 0; path = "steps-appUITests.xctest"; sourceTree = BUILT_PRODUCTS_DIR; };
		76F45B092B037EF0003F1446 /* steps_appUITests.swift */ = {isa = PBXFileReference; lastKnownFileType = sourcecode.swift; path = steps_appUITests.swift; sourceTree = "<group>"; };
		76F45B0B2B037EF0003F1446 /* steps_appUITestsLaunchTests.swift */ = {isa = PBXFileReference; lastKnownFileType = sourcecode.swift; path = steps_appUITestsLaunchTests.swift; sourceTree = "<group>"; };
/* End PBXFileReference section */

/* Begin PBXFrameworksBuildPhase section */
		76F45AE82B037EEE003F1446 /* Frameworks */ = {
			isa = PBXFrameworksBuildPhase;
			buildActionMask = 2147483647;
			files = (
			);
			runOnlyForDeploymentPostprocessing = 0;
		};
		76F45AF82B037EF0003F1446 /* Frameworks */ = {
			isa = PBXFrameworksBuildPhase;
			buildActionMask = 2147483647;
			files = (
			);
			runOnlyForDeploymentPostprocessing = 0;
		};
		76F45B022B037EF0003F1446 /* Frameworks */ = {
			isa = PBXFrameworksBuildPhase;
			buildActionMask = 2147483647;
			files = (
			);
			runOnlyForDeploymentPostprocessing = 0;
		};
/* End PBXFrameworksBuildPhase section */

/* Begin PBXGroup section */
		76F45AE22B037EEE003F1446 = {
			isa = PBXGroup;
			children = (
				76F45AED2B037EEF003F1446 /* steps-app */,
				76F45AFE2B037EF0003F1446 /* steps-appTests */,
				76F45B082B037EF0003F1446 /* steps-appUITests */,
				76F45AEC2B037EEF003F1446 /* Products */,
			);
			sourceTree = "<group>";
		};
		76F45AEC2B037EEF003F1446 /* Products */ = {
			isa = PBXGroup;
			children = (
				76F45AEB2B037EEF003F1446 /* steps-app.app */,
				76F45AFB2B037EF0003F1446 /* steps-appTests.xctest */,
				76F45B052B037EF0003F1446 /* steps-appUITests.xctest */,
			);
			name = Products;
			sourceTree = "<group>";
		};
		76F45AED2B037EEF003F1446 /* steps-app */ = {
			isa = PBXGroup;
			children = (
				76F45AEE2B037EEF003F1446 /* steps_appApp.swift */,
				76F45AF02B037EEF003F1446 /* ContentView.swift */,
				76F45AF22B037EF0003F1446 /* Assets.xcassets */,
				76F45AF42B037EF0003F1446 /* Preview Content */,
			);
			path = "steps-app";
			sourceTree = "<group>";
		};
		76F45AF42B037EF0003F1446 /* Preview Content */ = {
			isa = PBXGroup;
			children = (
				76F45AF52B037EF0003F1446 /* Preview Assets.xcassets */,
			);
			path = "Preview Content";
			sourceTree = "<group>";
		};
		76F45AFE2B037EF0003F1446 /* steps-appTests */ = {
			isa = PBXGroup;
			children = (
				76F45AFF2B037EF0003F1446 /* steps_appTests.swift */,
			);
			path = "steps-appTests";
			sourceTree = "<group>";
		};
		76F45B082B037EF0003F1446 /* steps-appUITests */ = {
			isa = PBXGroup;
			children = (
				76F45B092B037EF0003F1446 /* steps_appUITests.swift */,
				76F45B0B2B037EF0003F1446 /* steps_appUITestsLaunchTests.swift */,
			);
			path = "steps-appUITests";
			sourceTree = "<group>";
		};
/* End PBXGroup section */

/* Begin PBXNativeTarget section */
		76F45AEA2B037EEE003F1446 /* steps-app */ = {
			isa = PBXNativeTarget;
			buildConfigurationList = 76F45B0F2B037EF0003F1446 /* Build configuration list for PBXNativeTarget "steps-app" */;
			buildPhases = (
				76F45AE72B037EEE003F1446 /* Sources */,
				76F45AE82B037EEE003F1446 /* Frameworks */,
				76F45AE92B037EEE003F1446 /* Resources */,
			);
			buildRules = (
			);
			dependencies = (
			);
			name = "steps-app";
			productName = "steps-app";
			productReference = 76F45AEB2B037EEF003F1446 /* steps-app.app */;
			productType = "com.apple.product-type.application";
		};
		76F45AFA2B037EF0003F1446 /* steps-appTests */ = {
			isa = PBXNativeTarget;
			buildConfigurationList = 76F45B122B037EF0003F1446 /* Build configuration list for PBXNativeTarget "steps-appTests" */;
			buildPhases = (
				76F45AF72B037EF0003F1446 /* Sources */,
				76F45AF82B037EF0003F1446 /* Frameworks */,
				76F45AF92B037EF0003F1446 /* Resources */,
			);
			buildRules = (
			);
			dependencies = (
				76F45AFD2B037EF0003F1446 /* PBXTargetDependency */,
			);
			name = "steps-appTests";
			productName = "steps-appTests";
			productReference = 76F45AFB2B037EF0003F1446 /* steps-appTests.xctest */;
			productType = "com.apple.product-type.bundle.unit-test";
		};
		76F45B042B037EF0003F1446 /* steps-appUITests */ = {
			isa = PBXNativeTarget;
			buildConfigurationList = 76F45B152B037EF0003F1446 /* Build configuration list for PBXNativeTarget "steps-appUITests" */;
			buildPhases = (
				76F45B012B037EF0003F1446 /* Sources */,
				76F45B022B037EF0003F1446 /* Frameworks */,
				76F45B032B037EF0003F1446 /* Resources */,
			);
			buildRules = (
			);
			dependencies = (
				76F45B072B037EF0003F1446 /* PBXTargetDependency */,
			);
			name = "steps-appUITests";
			productName = "steps-appUITests";
			productReference = 76F45B052B037EF0003F1446 /* steps-appUITests.xctest */;
			productType = "com.apple.product-type.bundle.ui-testing";
		};
/* End PBXNativeTarget section */

/* Begin PBXProject section */
		76F45AE32B037EEE003F1446 /* Project object */ = {
			isa = PBXProject;
			attributes = {
				BuildIndependentTargetsInParallel = 1;
				LastSwiftUpdateCheck = 1500;
				LastUpgradeCheck = 1500;
				TargetAttributes = {
					76F45AEA2B037EEE003F1446 = {
						CreatedOnToolsVersion = 15.0.1;
					};
					76F45AFA2B037EF0003F1446 = {
						CreatedOnToolsVersion = 15.0.1;
						TestTargetID = 76F45AEA2B037EEE003F1446;
					};
					76F45B042B037EF0003F1446 = {
						CreatedOnToolsVersion = 15.0.1;
						TestTargetID = 76F45AEA2B037EEE003F1446;
					};
				};
			};
			buildConfigurationList = 76F45AE62B037EEE003F1446 /* Build configuration list for PBXProject "steps-app" */;
			compatibilityVersion = "Xcode 14.0";
			developmentRegion = en;
			hasScannedForEncodings = 0;
			knownRegions = (
				en,
				Base,
			);
			mainGroup = 76F45AE22B037EEE003F1446;
			productRefGroup = 76F45AEC2B037EEF003F1446 /* Products */;
			projectDirPath = "";
			projectRoot = "";
			targets = (
				76F45AEA2B037EEE003F1446 /* steps-app */,
				76F45AFA2B037EF0003F1446 /* steps-appTests */,
				76F45B042B037EF0003F1446 /* steps-appUITests */,
			);
		};
/* End PBXProject section */

/* Begin PBXResourcesBuildPhase section */
		76F45AE92B037EEE003F1446 /* Resources */ = {
			isa = PBXResourcesBuildPhase;
			buildActionMask = 2147483647;
			files = (
				76F45AF62B037EF0003F1446 /* Preview Assets.xcassets in Resources */,
				76F45AF32B037EF0003F1446 /* Assets.xcassets in Resources */,
			);
			runOnlyForDeploymentPostprocessing = 0;
		};
		76F45AF92B037EF0003F1446 /* Resources */ = {
			isa = PBXResourcesBuildPhase;
			buildActionMask = 2147483647;
			files = (
			);
			runOnlyForDeploymentPostprocessing = 0;
		};
		76F45B032B037EF0003F1446 /* Resources */ = {
			isa = PBXResourcesBuildPhase;
			buildActionMask = 2147483647;
			files = (
			);
			runOnlyForDeploymentPostprocessing = 0;
		};
/* End PBXResourcesBuildPhase section */

/* Begin PBXSourcesBuildPhase section */
		76F45AE72B037EEE003F1446 /* Sources */ = {
			isa = PBXSourcesBuildPhase;
			buildActionMask = 2147483647;
			files = (
				76F45AF12B037EEF003F1446 /* ContentView.swift in Sources */,
				76F45AEF2B037EEF003F1446 /* steps_appApp.swift in Sources */,
			);
			runOnlyForDeploymentPostprocessing = 0;
		};
		76F45AF72B037EF0003F1446 /* Sources */ = {
			isa = PBXSourcesBuildPhase;
			buildActionMask = 2147483647;
			files = (
				76F45B002B037EF0003F1446 /* steps_appTests.swift in Sources */,
			);
			runOnlyForDeploymentPostprocessing = 0;
		};
		76F45B012B037EF0003F1446 /* Sources */ = {
			isa = PBXSourcesBuildPhase;
			buildActionMask = 2147483647;
			files = (
				76F45B0C2B037EF0003F1446 /* steps_appUITestsLaunchTests.swift in Sources */,
				76F45B0A2B037EF0003F1446 /* steps_appUITests.swift in Sources */,
			);
			runOnlyForDeploymentPostprocessing = 0;
		};
/* End PBXSourcesBuildPhase section */

/* Begin PBXTargetDependency section */
		76F45AFD2B037EF0003F1446 /* PBXTargetDependency */ = {
			isa = PBXTargetDependency;
			target = 76F45AEA2B037EEE003F1446 /* steps-app */;
			targetProxy = 76F45AFC2B037EF0003F1446 /* PBXContainerItemProxy */;
		};
		76F45B072B037EF0003F1446 /* PBXTargetDependency */ = {
			isa = PBXTargetDependency;
			target = 76F45AEA2B037EEE003F1446 /* steps-app */;
			targetProxy = 76F45B062B037EF0003F1446 /* PBXContainerItemProxy */;
		};
/* End PBXTargetDependency section */

/* Begin XCBuildConfiguration section */
		76F45B0D2B037EF0003F1446 /* Debug */ = {
			isa = XCBuildConfiguration;
			buildSettings = {
				ALWAYS_SEARCH_USER_PATHS = NO;
				ASSETCATALOG_COMPILER_GENERATE_SWIFT_ASSET_SYMBOL_EXTENSIONS = YES;
				CLANG_ANALYZER_NONNULL = YES;
				CLANG_ANALYZER_NUMBER_OBJECT_CONVERSION = YES_AGGRESSIVE;
				CLANG_CXX_LANGUAGE_STANDARD = "gnu++20";
				CLANG_ENABLE_MODULES = YES;
				CLANG_ENABLE_OBJC_ARC = YES;
				CLANG_ENABLE_OBJC_WEAK = YES;
				CLANG_WARN_BLOCK_CAPTURE_AUTORELEASING = YES;
				CLANG_WARN_BOOL_CONVERSION = YES;
				CLANG_WARN_COMMA = YES;
				CLANG_WARN_CONSTANT_CONVERSION = YES;
				CLANG_WARN_DEPRECATED_OBJC_IMPLEMENTATIONS = YES;
				CLANG_WARN_DIRECT_OBJC_ISA_USAGE = YES_ERROR;
				CLANG_WARN_DOCUMENTATION_COMMENTS = YES;
				CLANG_WARN_EMPTY_BODY = YES;
				CLANG_WARN_ENUM_CONVERSION = YES;
				CLANG_WARN_INFINITE_RECURSION = YES;
				CLANG_WARN_INT_CONVERSION = YES;
				CLANG_WARN_NON_LITERAL_NULL_CONVERSION = YES;
				CLANG_WARN_OBJC_IMPLICIT_RETAIN_SELF = YES;
				CLANG_WARN_OBJC_LITERAL_CONVERSION = YES;
				CLANG_WARN_OBJC_ROOT_CLASS = YES_ERROR;
				CLANG_WARN_QUOTED_INCLUDE_IN_FRAMEWORK_HEADER = YES;
				CLANG_WARN_RANGE_LOOP_ANALYSIS = YES;
				CLANG_WARN_STRICT_PROTOTYPES = YES;
				CLANG_WARN_SUSPICIOUS_MOVE = YES;
				CLANG_WARN_UNGUARDED_AVAILABILITY = YES_AGGRESSIVE;
				CLANG_WARN_UNREACHABLE_CODE = YES;
				CLANG_WARN__DUPLICATE_METHOD_MATCH = YES;
				COPY_PHASE_STRIP = NO;
				DEBUG_INFORMATION_FORMAT = dwarf;
				ENABLE_STRICT_OBJC_MSGSEND = YES;
				ENABLE_TESTABILITY = YES;
				ENABLE_USER_SCRIPT_SANDBOXING = YES;
				GCC_C_LANGUAGE_STANDARD = gnu17;
				GCC_DYNAMIC_NO_PIC = NO;
				GCC_NO_COMMON_BLOCKS = YES;
				GCC_OPTIMIZATION_LEVEL = 0;
				GCC_PREPROCESSOR_DEFINITIONS = (
					"DEBUG=1",
					"$(inherited)",
				);
				GCC_WARN_64_TO_32_BIT_CONVERSION = YES;
				GCC_WARN_ABOUT_RETURN_TYPE = YES_ERROR;
				GCC_WARN_UNDECLARED_SELECTOR = YES;
				GCC_WARN_UNINITIALIZED_AUTOS = YES_AGGRESSIVE;
				GCC_WARN_UNUSED_FUNCTION = YES;
				GCC_WARN_UNUSED_VARIABLE = YES;
				IPHONEOS_DEPLOYMENT_TARGET = 17.0;
				LOCALIZATION_PREFERS_STRING_CATALOGS = YES;
				MTL_ENABLE_DEBUG_INFO = INCLUDE_SOURCE;
				MTL_FAST_MATH = YES;
				ONLY_ACTIVE_ARCH = YES;
				SDKROOT = iphoneos;
				SWIFT_ACTIVE_COMPILATION_CONDITIONS = "DEBUG $(inherited)";
				SWIFT_OPTIMIZATION_LEVEL = "-Onone";
			};
			name = Debug;
		};
		76F45B0E2B037EF0003F1446 /* Release */ = {
			isa = XCBuildConfiguration;
			buildSettings = {
				ALWAYS_SEARCH_USER_PATHS = NO;
				ASSETCATALOG_COMPILER_GENERATE_SWIFT_ASSET_SYMBOL_EXTENSIONS = YES;
				CLANG_ANALYZER_NONNULL = YES;
				CLANG_ANALYZER_NUMBER_OBJECT_CONVERSION = YES_AGGRESSIVE;
				CLANG_CXX_LANGUAGE_STANDARD = "gnu++20";
				CLANG_ENABLE_MODULES = YES;
				CLANG_ENABLE_OBJC_ARC = YES;
				CLANG_ENABLE_OBJC_WEAK = YES;
				CLANG_WARN_BLOCK_CAPTURE_AUTORELEASING = YES;
				CLANG_WARN_BOOL_CONVERSION = YES;
				CLANG_WARN_COMMA = YES;
				CLANG_WARN_CONSTANT_CONVERSION = YES;
				CLANG_WARN_DEPRECATED_OBJC_IMPLEMENTATIONS = YES;
				CLANG_WARN_DIRECT_OBJC_ISA_USAGE = YES_ERROR;
				CLANG_WARN_DOCUMENTATION_COMMENTS = YES;
				CLANG_WARN_EMPTY_BODY = YES;
				CLANG_WARN_ENUM_CONVERSION = YES;
				CLANG_WARN_INFINITE_RECURSION = YES;
				CLANG_WARN_INT_CONVERSION = YES;
				CLANG_WARN_NON_LITERAL_NULL_CONVERSION = YES;
				CLANG_WARN_OBJC_IMPLICIT_RETAIN_SELF = YES;
				CLANG_WARN_OBJC_LITERAL_CONVERSION = YES;
				CLANG_WARN_OBJC_ROOT_CLASS = YES_ERROR;
				CLANG_WARN_QUOTED_INCLUDE_IN_FRAMEWORK_HEADER = YES;
				CLANG_WARN_RANGE_LOOP_ANALYSIS = YES;
				CLANG_WARN_STRICT_PROTOTYPES = YES;
				CLANG_WARN_SUSPICIOUS_MOVE = YES;
				CLANG_WARN_UNGUARDED_AVAILABILITY = YES_AGGRESSIVE;
				CLANG_WARN_UNREACHABLE_CODE = YES;
				CLANG_WARN__DUPLICATE_METHOD_MATCH = YES;
				COPY_PHASE_STRIP = NO;
				DEBUG_INFORMATION_FORMAT = "dwarf-with-dsym";
				ENABLE_NS_ASSERTIONS = NO;
				ENABLE_STRICT_OBJC_MSGSEND = YES;
				ENABLE_USER_SCRIPT_SANDBOXING = YES;
				GCC_C_LANGUAGE_STANDARD = gnu17;
				GCC_NO_COMMON_BLOCKS = YES;
				GCC_WARN_64_TO_32_BIT_CONVERSION = YES;
				GCC_WARN_ABOUT_RETURN_TYPE = YES_ERROR;
				GCC_WARN_UNDECLARED_SELECTOR = YES;
				GCC_WARN_UNINITIALIZED_AUTOS = YES_AGGRESSIVE;
				GCC_WARN_UNUSED_FUNCTION = YES;
				GCC_WARN_UNUSED_VARIABLE = YES;
				IPHONEOS_DEPLOYMENT_TARGET = 17.0;
				LOCALIZATION_PREFERS_STRING_CATALOGS = YES;
				MTL_ENABLE_DEBUG_INFO = NO;
				MTL_FAST_MATH = YES;
				SDKROOT = iphoneos;
				SWIFT_COMPILATION_MODE = wholemodule;
				VALIDATE_PRODUCT = YES;
			};
			name = Release;
		};
		76F45B102B037EF0003F1446 /* Debug */ = {
			isa = XCBuildConfiguration;
			buildSettings = {
				ASSETCATALOG_COMPILER_APPICON_NAME = AppIcon;
				ASSETCATALOG_COMPILER_GLOBAL_ACCENT_COLOR_NAME = AccentColor;
				CODE_SIGN_STYLE = Automatic;
				CURRENT_PROJECT_VERSION = 1;
				DEVELOPMENT_ASSET_PATHS = "\"steps-app/Preview Content\"";
				ENABLE_PREVIEWS = YES;
				GENERATE_INFOPLIST_FILE = YES;
				INFOPLIST_KEY_UIApplicationSceneManifest_Generation = YES;
				INFOPLIST_KEY_UIApplicationSupportsIndirectInputEvents = YES;
				INFOPLIST_KEY_UILaunchScreen_Generation = YES;
				INFOPLIST_KEY_UISupportedInterfaceOrientations_iPad = "UIInterfaceOrientationPortrait UIInterfaceOrientationPortraitUpsideDown UIInterfaceOrientationLandscapeLeft UIInterfaceOrientationLandscapeRight";
				INFOPLIST_KEY_UISupportedInterfaceOrientations_iPhone = "UIInterfaceOrientationPortrait UIInterfaceOrientationLandscapeLeft UIInterfaceOrientationLandscapeRight";
				LD_RUNPATH_SEARCH_PATHS = (
					"$(inherited)",
					"@executable_path/Frameworks",
				);
				MARKETING_VERSION = 1.0;
				PRODUCT_BUNDLE_IDENTIFIER = "eetueskelinen.steps-app";
				PRODUCT_NAME = "$(TARGET_NAME)";
				SWIFT_EMIT_LOC_STRINGS = YES;
				SWIFT_VERSION = 5.0;
				TARGETED_DEVICE_FAMILY = "1,2";
			};
			name = Debug;
		};
		76F45B112B037EF0003F1446 /* Release */ = {
			isa = XCBuildConfiguration;
			buildSettings = {
				ASSETCATALOG_COMPILER_APPICON_NAME = AppIcon;
				ASSETCATALOG_COMPILER_GLOBAL_ACCENT_COLOR_NAME = AccentColor;
				CODE_SIGN_STYLE = Automatic;
				CURRENT_PROJECT_VERSION = 1;
				DEVELOPMENT_ASSET_PATHS = "\"steps-app/Preview Content\"";
				ENABLE_PREVIEWS = YES;
				GENERATE_INFOPLIST_FILE = YES;
				INFOPLIST_KEY_UIApplicationSceneManifest_Generation = YES;
				INFOPLIST_KEY_UIApplicationSupportsIndirectInputEvents = YES;
				INFOPLIST_KEY_UILaunchScreen_Generation = YES;
				INFOPLIST_KEY_UISupportedInterfaceOrientations_iPad = "UIInterfaceOrientationPortrait UIInterfaceOrientationPortraitUpsideDown UIInterfaceOrientationLandscapeLeft UIInterfaceOrientationLandscapeRight";
				INFOPLIST_KEY_UISupportedInterfaceOrientations_iPhone = "UIInterfaceOrientationPortrait UIInterfaceOrientationLandscapeLeft UIInterfaceOrientationLandscapeRight";
				LD_RUNPATH_SEARCH_PATHS = (
					"$(inherited)",
					"@executable_path/Frameworks",
				);
				MARKETING_VERSION = 1.0;
				PRODUCT_BUNDLE_IDENTIFIER = "eetueskelinen.steps-app";
				PRODUCT_NAME = "$(TARGET_NAME)";
				SWIFT_EMIT_LOC_STRINGS = YES;
				SWIFT_VERSION = 5.0;
				TARGETED_DEVICE_FAMILY = "1,2";
			};
			name = Release;
		};
		76F45B132B037EF0003F1446 /* Debug */ = {
			isa = XCBuildConfiguration;
			buildSettings = {
				ALWAYS_EMBED_SWIFT_STANDARD_LIBRARIES = YES;
				BUNDLE_LOADER = "$(TEST_HOST)";
				CODE_SIGN_STYLE = Automatic;
				CURRENT_PROJECT_VERSION = 1;
				GENERATE_INFOPLIST_FILE = YES;
				IPHONEOS_DEPLOYMENT_TARGET = 17.0;
				MARKETING_VERSION = 1.0;
				PRODUCT_BUNDLE_IDENTIFIER = "eetueskelinen.steps-appTests";
				PRODUCT_NAME = "$(TARGET_NAME)";
				SWIFT_EMIT_LOC_STRINGS = NO;
				SWIFT_VERSION = 5.0;
				TARGETED_DEVICE_FAMILY = "1,2";
				TEST_HOST = "$(BUILT_PRODUCTS_DIR)/steps-app.app/$(BUNDLE_EXECUTABLE_FOLDER_PATH)/steps-app";
			};
			name = Debug;
		};
		76F45B142B037EF0003F1446 /* Release */ = {
			isa = XCBuildConfiguration;
			buildSettings = {
				ALWAYS_EMBED_SWIFT_STANDARD_LIBRARIES = YES;
				BUNDLE_LOADER = "$(TEST_HOST)";
				CODE_SIGN_STYLE = Automatic;
				CURRENT_PROJECT_VERSION = 1;
				GENERATE_INFOPLIST_FILE = YES;
				IPHONEOS_DEPLOYMENT_TARGET = 17.0;
				MARKETING_VERSION = 1.0;
				PRODUCT_BUNDLE_IDENTIFIER = "eetueskelinen.steps-appTests";
				PRODUCT_NAME = "$(TARGET_NAME)";
				SWIFT_EMIT_LOC_STRINGS = NO;
				SWIFT_VERSION = 5.0;
				TARGETED_DEVICE_FAMILY = "1,2";
				TEST_HOST = "$(BUILT_PRODUCTS_DIR)/steps-app.app/$(BUNDLE_EXECUTABLE_FOLDER_PATH)/steps-app";
			};
			name = Release;
		};
		76F45B162B037EF0003F1446 /* Debug */ = {
			isa = XCBuildConfiguration;
			buildSettings = {
				ALWAYS_EMBED_SWIFT_STANDARD_LIBRARIES = YES;
				CODE_SIGN_STYLE = Automatic;
				CURRENT_PROJECT_VERSION = 1;
				GENERATE_INFOPLIST_FILE = YES;
				MARKETING_VERSION = 1.0;
				PRODUCT_BUNDLE_IDENTIFIER = "eetueskelinen.steps-appUITests";
				PRODUCT_NAME = "$(TARGET_NAME)";
				SWIFT_EMIT_LOC_STRINGS = NO;
				SWIFT_VERSION = 5.0;
				TARGETED_DEVICE_FAMILY = "1,2";
				TEST_TARGET_NAME = "steps-app";
			};
			name = Debug;
		};
		76F45B172B037EF0003F1446 /* Release */ = {
			isa = XCBuildConfiguration;
			buildSettings = {
				ALWAYS_EMBED_SWIFT_STANDARD_LIBRARIES = YES;
				CODE_SIGN_STYLE = Automatic;
				CURRENT_PROJECT_VERSION = 1;
				GENERATE_INFOPLIST_FILE = YES;
				MARKETING_VERSION = 1.0;
				PRODUCT_BUNDLE_IDENTIFIER = "eetueskelinen.steps-appUITests";
				PRODUCT_NAME = "$(TARGET_NAME)";
				SWIFT_EMIT_LOC_STRINGS = NO;
				SWIFT_VERSION = 5.0;
				TARGETED_DEVICE_FAMILY = "1,2";
				TEST_TARGET_NAME = "steps-app";
			};
			name = Release;
		};
/* End XCBuildConfiguration section */

/* Begin XCConfigurationList section */
		76F45AE62B037EEE003F1446 /* Build configuration list for PBXProject "steps-app" */ = {
			isa = XCConfigurationList;
			buildConfigurations = (
				76F45B0D2B037EF0003F1446 /* Debug */,
				76F45B0E2B037EF0003F1446 /* Release */,
			);
			defaultConfigurationIsVisible = 0;
			defaultConfigurationName = Release;
		};
		76F45B0F2B037EF0003F1446 /* Build configuration list for PBXNativeTarget "steps-app" */ = {
			isa = XCConfigurationList;
			buildConfigurations = (
				76F45B102B037EF0003F1446 /* Debug */,
				76F45B112B037EF0003F1446 /* Release */,
			);
			defaultConfigurationIsVisible = 0;
			defaultConfigurationName = Release;
		};
		76F45B122B037EF0003F1446 /* Build configuration list for PBXNativeTarget "steps-appTests" */ = {
			isa = XCConfigurationList;
			buildConfigurations = (
				76F45B132B037EF0003F1446 /* Debug */,
				76F45B142B037EF0003F1446 /* Release */,
			);
			defaultConfigurationIsVisible = 0;
			defaultConfigurationName = Release;
		};
		76F45B152B037EF0003F1446 /* Build configuration list for PBXNativeTarget "steps-appUITests" */ = {
			isa = XCConfigurationList;
			buildConfigurations = (
				76F45B162B037EF0003F1446 /* Debug */,
				76F45B172B037EF0003F1446 /* Release */,
			);
			defaultConfigurationIsVisible = 0;
			defaultConfigurationName = Release;
		};
/* End XCConfigurationList section */
	};
	rootObject = 76F45AE32B037EEE003F1446 /* Project object */;
}
