// !$*UTF8*$!
{
	archiveVersion = 1;
	classes = {
	};
	objectVersion = 56;
	objects = {

/* Begin PBXBuildFile section */
		768DAC5D2B038738000333E7 /* StepsTabView.swift in Sources */ = {isa = PBXBuildFile; fileRef = 768DAC5C2B038738000333E7 /* StepsTabView.swift */; };
		768DAC5F2B03884B000333E7 /* HomeView.swift in Sources */ = {isa = PBXBuildFile; fileRef = 768DAC5E2B03884B000333E7 /* HomeView.swift */; };
		768DAC612B03889E000333E7 /* ActivityCard.swift in Sources */ = {isa = PBXBuildFile; fileRef = 768DAC602B03889E000333E7 /* ActivityCard.swift */; };
		768DAC632B038CCB000333E7 /* HealthManager.swift in Sources */ = {isa = PBXBuildFile; fileRef = 768DAC622B038CCB000333E7 /* HealthManager.swift */; };
		76ABE9252B0766DA0020D2F8 /* GoogleService-Info.plist in Resources */ = {isa = PBXBuildFile; fileRef = 76ABE9242B0766DA0020D2F8 /* GoogleService-Info.plist */; };
		76ABE9312B0769190020D2F8 /* FirebaseAppCheck in Frameworks */ = {isa = PBXBuildFile; productRef = 76ABE9302B0769190020D2F8 /* FirebaseAppCheck */; };
		76ABE9352B0769190020D2F8 /* FirebaseAuth in Frameworks */ = {isa = PBXBuildFile; productRef = 76ABE9342B0769190020D2F8 /* FirebaseAuth */; };
		76ABE9372B0769190020D2F8 /* FirebaseAuthCombine-Community in Frameworks */ = {isa = PBXBuildFile; productRef = 76ABE9362B0769190020D2F8 /* FirebaseAuthCombine-Community */; };
		76ABE93B2B0769190020D2F8 /* FirebaseDatabase in Frameworks */ = {isa = PBXBuildFile; productRef = 76ABE93A2B0769190020D2F8 /* FirebaseDatabase */; };
		76ABE93D2B0769190020D2F8 /* FirebaseDatabaseSwift in Frameworks */ = {isa = PBXBuildFile; productRef = 76ABE93C2B0769190020D2F8 /* FirebaseDatabaseSwift */; };
		76ABE9412B0769190020D2F8 /* FirebaseFirestore in Frameworks */ = {isa = PBXBuildFile; productRef = 76ABE9402B0769190020D2F8 /* FirebaseFirestore */; };
		76ABE9432B0769190020D2F8 /* FirebaseFirestoreCombine-Community in Frameworks */ = {isa = PBXBuildFile; productRef = 76ABE9422B0769190020D2F8 /* FirebaseFirestoreCombine-Community */; };
		76ABE9452B0769190020D2F8 /* FirebaseFirestoreSwift in Frameworks */ = {isa = PBXBuildFile; productRef = 76ABE9442B0769190020D2F8 /* FirebaseFirestoreSwift */; };
		76ABE9472B0769190020D2F8 /* FirebaseFunctions in Frameworks */ = {isa = PBXBuildFile; productRef = 76ABE9462B0769190020D2F8 /* FirebaseFunctions */; };
		76ABE94F2B0769190020D2F8 /* FirebaseInstallations in Frameworks */ = {isa = PBXBuildFile; productRef = 76ABE94E2B0769190020D2F8 /* FirebaseInstallations */; };
		76ABE95B2B0769190020D2F8 /* FirebaseStorage in Frameworks */ = {isa = PBXBuildFile; productRef = 76ABE95A2B0769190020D2F8 /* FirebaseStorage */; };
		76ABE95D2B0769190020D2F8 /* FirebaseStorageCombine-Community in Frameworks */ = {isa = PBXBuildFile; productRef = 76ABE95C2B0769190020D2F8 /* FirebaseStorageCombine-Community */; };
		76ABE95F2B076B670020D2F8 /* LoginView.swift in Sources */ = {isa = PBXBuildFile; fileRef = 76ABE95E2B076B670020D2F8 /* LoginView.swift */; };
		76ABE9612B0774210020D2F8 /* UserManager.swift in Sources */ = {isa = PBXBuildFile; fileRef = 76ABE9602B0774210020D2F8 /* UserManager.swift */; };
		76ABE9632B0778F90020D2F8 /* ProfileView.swift in Sources */ = {isa = PBXBuildFile; fileRef = 76ABE9622B0778F90020D2F8 /* ProfileView.swift */; };
		76F45AEF2B037EEF003F1446 /* steps_appApp.swift in Sources */ = {isa = PBXBuildFile; fileRef = 76F45AEE2B037EEF003F1446 /* steps_appApp.swift */; };
		76F45AF12B037EEF003F1446 /* ContentView.swift in Sources */ = {isa = PBXBuildFile; fileRef = 76F45AF02B037EEF003F1446 /* ContentView.swift */; };
		76F45AF32B037EF0003F1446 /* Assets.xcassets in Resources */ = {isa = PBXBuildFile; fileRef = 76F45AF22B037EF0003F1446 /* Assets.xcassets */; };
		76F45AF62B037EF0003F1446 /* Preview Assets.xcassets in Resources */ = {isa = PBXBuildFile; fileRef = 76F45AF52B037EF0003F1446 /* Preview Assets.xcassets */; };
		76F45B002B037EF0003F1446 /* steps_appTests.swift in Sources */ = {isa = PBXBuildFile; fileRef = 76F45AFF2B037EF0003F1446 /* steps_appTests.swift */; };
		76F45B0A2B037EF0003F1446 /* steps_appUITests.swift in Sources */ = {isa = PBXBuildFile; fileRef = 76F45B092B037EF0003F1446 /* steps_appUITests.swift */; };
		76F45B0C2B037EF0003F1446 /* steps_appUITestsLaunchTests.swift in Sources */ = {isa = PBXBuildFile; fileRef = 76F45B0B2B037EF0003F1446 /* steps_appUITestsLaunchTests.swift */; };
/* End PBXBuildFile section */

/* Begin PBXContainerItemProxy section */
		76F45AFC2B037EF0003F1446 /* PBXContainerItemProxy */ = {
			isa = PBXContainerItemProxy;
			containerPortal = 76F45AE32B037EEE003F1446 /* Project object */;
			proxyType = 1;
			remoteGlobalIDString = 76F45AEA2B037EEE003F1446;
			remoteInfo = "steps-app";
		};
		76F45B062B037EF0003F1446 /* PBXContainerItemProxy */ = {
			isa = PBXContainerItemProxy;
			containerPortal = 76F45AE32B037EEE003F1446 /* Project object */;
			proxyType = 1;
			remoteGlobalIDString = 76F45AEA2B037EEE003F1446;
			remoteInfo = "steps-app";
		};
/* End PBXContainerItemProxy section */

/* Begin PBXFileReference section */
		768DAC5B2B038425000333E7 /* steps-app.entitlements */ = {isa = PBXFileReference; lastKnownFileType = text.plist.entitlements; path = "steps-app.entitlements"; sourceTree = "<group>"; };
		768DAC5C2B038738000333E7 /* StepsTabView.swift */ = {isa = PBXFileReference; lastKnownFileType = sourcecode.swift; path = StepsTabView.swift; sourceTree = "<group>"; };
		768DAC5E2B03884B000333E7 /* HomeView.swift */ = {isa = PBXFileReference; lastKnownFileType = sourcecode.swift; path = HomeView.swift; sourceTree = "<group>"; };
		768DAC602B03889E000333E7 /* ActivityCard.swift */ = {isa = PBXFileReference; lastKnownFileType = sourcecode.swift; path = ActivityCard.swift; sourceTree = "<group>"; };
		768DAC622B038CCB000333E7 /* HealthManager.swift */ = {isa = PBXFileReference; lastKnownFileType = sourcecode.swift; path = HealthManager.swift; sourceTree = "<group>"; };
		76ABE9242B0766DA0020D2F8 /* GoogleService-Info.plist */ = {isa = PBXFileReference; fileEncoding = 4; lastKnownFileType = text.plist.xml; path = "GoogleService-Info.plist"; sourceTree = "<group>"; };
		76ABE95E2B076B670020D2F8 /* LoginView.swift */ = {isa = PBXFileReference; lastKnownFileType = sourcecode.swift; path = LoginView.swift; sourceTree = "<group>"; };
		76ABE9602B0774210020D2F8 /* UserManager.swift */ = {isa = PBXFileReference; lastKnownFileType = sourcecode.swift; path = UserManager.swift; sourceTree = "<group>"; };
		76ABE9622B0778F90020D2F8 /* ProfileView.swift */ = {isa = PBXFileReference; lastKnownFileType = sourcecode.swift; path = ProfileView.swift; sourceTree = "<group>"; };
		76F45AEB2B037EEF003F1446 /* steps-app.app */ = {isa = PBXFileReference; explicitFileType = wrapper.application; includeInIndex = 0; path = "steps-app.app"; sourceTree = BUILT_PRODUCTS_DIR; };
		76F45AEE2B037EEF003F1446 /* steps_appApp.swift */ = {isa = PBXFileReference; lastKnownFileType = sourcecode.swift; path = steps_appApp.swift; sourceTree = "<group>"; };
		76F45AF02B037EEF003F1446 /* ContentView.swift */ = {isa = PBXFileReference; lastKnownFileType = sourcecode.swift; path = ContentView.swift; sourceTree = "<group>"; };
		76F45AF22B037EF0003F1446 /* Assets.xcassets */ = {isa = PBXFileReference; lastKnownFileType = folder.assetcatalog; path = Assets.xcassets; sourceTree = "<group>"; };
		76F45AF52B037EF0003F1446 /* Preview Assets.xcassets */ = {isa = PBXFileReference; lastKnownFileType = folder.assetcatalog; path = "Preview Assets.xcassets"; sourceTree = "<group>"; };
		76F45AFB2B037EF0003F1446 /* steps-appTests.xctest */ = {isa = PBXFileReference; explicitFileType = wrapper.cfbundle; includeInIndex = 0; path = "steps-appTests.xctest"; sourceTree = BUILT_PRODUCTS_DIR; };
		76F45AFF2B037EF0003F1446 /* steps_appTests.swift */ = {isa = PBXFileReference; lastKnownFileType = sourcecode.swift; path = steps_appTests.swift; sourceTree = "<group>"; };
		76F45B052B037EF0003F1446 /* steps-appUITests.xctest */ = {isa = PBXFileReference; explicitFileType = wrapper.cfbundle; includeInIndex = 0; path = "steps-appUITests.xctest"; sourceTree = BUILT_PRODUCTS_DIR; };
		76F45B092B037EF0003F1446 /* steps_appUITests.swift */ = {isa = PBXFileReference; lastKnownFileType = sourcecode.swift; path = steps_appUITests.swift; sourceTree = "<group>"; };
		76F45B0B2B037EF0003F1446 /* steps_appUITestsLaunchTests.swift */ = {isa = PBXFileReference; lastKnownFileType = sourcecode.swift; path = steps_appUITestsLaunchTests.swift; sourceTree = "<group>"; };
/* End PBXFileReference section */

/* Begin PBXFrameworksBuildPhase section */
		76F45AE82B037EEE003F1446 /* Frameworks */ = {
			isa = PBXFrameworksBuildPhase;
			buildActionMask = 2147483647;
			files = (
				76ABE93B2B0769190020D2F8 /* FirebaseDatabase in Frameworks */,
				76ABE9412B0769190020D2F8 /* FirebaseFirestore in Frameworks */,
				76ABE9452B0769190020D2F8 /* FirebaseFirestoreSwift in Frameworks */,
				76ABE9312B0769190020D2F8 /* FirebaseAppCheck in Frameworks */,
				76ABE9352B0769190020D2F8 /* FirebaseAuth in Frameworks */,
				76ABE93D2B0769190020D2F8 /* FirebaseDatabaseSwift in Frameworks */,
				76ABE95D2B0769190020D2F8 /* FirebaseStorageCombine-Community in Frameworks */,
				76ABE9472B0769190020D2F8 /* FirebaseFunctions in Frameworks */,
				76ABE9372B0769190020D2F8 /* FirebaseAuthCombine-Community in Frameworks */,
				76ABE95B2B0769190020D2F8 /* FirebaseStorage in Frameworks */,
				76ABE9432B0769190020D2F8 /* FirebaseFirestoreCombine-Community in Frameworks */,
				76ABE94F2B0769190020D2F8 /* FirebaseInstallations in Frameworks */,
			);
			runOnlyForDeploymentPostprocessing = 0;
		};
		76F45AF82B037EF0003F1446 /* Frameworks */ = {
			isa = PBXFrameworksBuildPhase;
			buildActionMask = 2147483647;
			files = (
			);
			runOnlyForDeploymentPostprocessing = 0;
		};
		76F45B022B037EF0003F1446 /* Frameworks */ = {
			isa = PBXFrameworksBuildPhase;
			buildActionMask = 2147483647;
			files = (
			);
			runOnlyForDeploymentPostprocessing = 0;
		};
/* End PBXFrameworksBuildPhase section */

/* Begin PBXGroup section */
		76ABE9292B0769190020D2F8 /* Frameworks */ = {
			isa = PBXGroup;
			children = (
			);
			name = Frameworks;
			sourceTree = "<group>";
		};
		76F45AE22B037EEE003F1446 = {
			isa = PBXGroup;
			children = (
				76F45AED2B037EEF003F1446 /* steps-app */,
				76F45AFE2B037EF0003F1446 /* steps-appTests */,
				76F45B082B037EF0003F1446 /* steps-appUITests */,
				76F45AEC2B037EEF003F1446 /* Products */,
				76ABE9292B0769190020D2F8 /* Frameworks */,
			);
			sourceTree = "<group>";
		};
		76F45AEC2B037EEF003F1446 /* Products */ = {
			isa = PBXGroup;
			children = (
				76F45AEB2B037EEF003F1446 /* steps-app.app */,
				76F45AFB2B037EF0003F1446 /* steps-appTests.xctest */,
				76F45B052B037EF0003F1446 /* steps-appUITests.xctest */,
			);
			name = Products;
			sourceTree = "<group>";
		};
		76F45AED2B037EEF003F1446 /* steps-app */ = {
			isa = PBXGroup;
			children = (
				768DAC5B2B038425000333E7 /* steps-app.entitlements */,
				76F45AEE2B037EEF003F1446 /* steps_appApp.swift */,
				76F45AF02B037EEF003F1446 /* ContentView.swift */,
				76F45AF22B037EF0003F1446 /* Assets.xcassets */,
				76ABE9242B0766DA0020D2F8 /* GoogleService-Info.plist */,
				76F45AF42B037EF0003F1446 /* Preview Content */,
				768DAC5C2B038738000333E7 /* StepsTabView.swift */,
				768DAC5E2B03884B000333E7 /* HomeView.swift */,
				768DAC602B03889E000333E7 /* ActivityCard.swift */,
				76ABE9602B0774210020D2F8 /* UserManager.swift */,
				768DAC622B038CCB000333E7 /* HealthManager.swift */,
				76ABE95E2B076B670020D2F8 /* LoginView.swift */,
				76ABE9622B0778F90020D2F8 /* ProfileView.swift */,
			);
			path = "steps-app";
			sourceTree = "<group>";
		};
		76F45AF42B037EF0003F1446 /* Preview Content */ = {
			isa = PBXGroup;
			children = (
				76F45AF52B037EF0003F1446 /* Preview Assets.xcassets */,
			);
			path = "Preview Content";
			sourceTree = "<group>";
		};
		76F45AFE2B037EF0003F1446 /* steps-appTests */ = {
			isa = PBXGroup;
			children = (
				76F45AFF2B037EF0003F1446 /* steps_appTests.swift */,
			);
			path = "steps-appTests";
			sourceTree = "<group>";
		};
		76F45B082B037EF0003F1446 /* steps-appUITests */ = {
			isa = PBXGroup;
			children = (
				76F45B092B037EF0003F1446 /* steps_appUITests.swift */,
				76F45B0B2B037EF0003F1446 /* steps_appUITestsLaunchTests.swift */,
			);
			path = "steps-appUITests";
			sourceTree = "<group>";
		};
/* End PBXGroup section */

/* Begin PBXNativeTarget section */
		76F45AEA2B037EEE003F1446 /* steps-app */ = {
			isa = PBXNativeTarget;
			buildConfigurationList = 76F45B0F2B037EF0003F1446 /* Build configuration list for PBXNativeTarget "steps-app" */;
			buildPhases = (
				76F45AE72B037EEE003F1446 /* Sources */,
				76F45AE82B037EEE003F1446 /* Frameworks */,
				76F45AE92B037EEE003F1446 /* Resources */,
			);
			buildRules = (
			);
			dependencies = (
			);
			name = "steps-app";
			packageProductDependencies = (
				76ABE9302B0769190020D2F8 /* FirebaseAppCheck */,
				76ABE9342B0769190020D2F8 /* FirebaseAuth */,
				76ABE9362B0769190020D2F8 /* FirebaseAuthCombine-Community */,
				76ABE93A2B0769190020D2F8 /* FirebaseDatabase */,
				76ABE93C2B0769190020D2F8 /* FirebaseDatabaseSwift */,
				76ABE9402B0769190020D2F8 /* FirebaseFirestore */,
				76ABE9422B0769190020D2F8 /* FirebaseFirestoreCombine-Community */,
				76ABE9442B0769190020D2F8 /* FirebaseFirestoreSwift */,
				76ABE9462B0769190020D2F8 /* FirebaseFunctions */,
				76ABE94E2B0769190020D2F8 /* FirebaseInstallations */,
				76ABE95A2B0769190020D2F8 /* FirebaseStorage */,
				76ABE95C2B0769190020D2F8 /* FirebaseStorageCombine-Community */,
			);
			productName = "steps-app";
			productReference = 76F45AEB2B037EEF003F1446 /* steps-app.app */;
			productType = "com.apple.product-type.application";
		};
		76F45AFA2B037EF0003F1446 /* steps-appTests */ = {
			isa = PBXNativeTarget;
			buildConfigurationList = 76F45B122B037EF0003F1446 /* Build configuration list for PBXNativeTarget "steps-appTests" */;
			buildPhases = (
				76F45AF72B037EF0003F1446 /* Sources */,
				76F45AF82B037EF0003F1446 /* Frameworks */,
				76F45AF92B037EF0003F1446 /* Resources */,
			);
			buildRules = (
			);
			dependencies = (
				76F45AFD2B037EF0003F1446 /* PBXTargetDependency */,
			);
			name = "steps-appTests";
			productName = "steps-appTests";
			productReference = 76F45AFB2B037EF0003F1446 /* steps-appTests.xctest */;
			productType = "com.apple.product-type.bundle.unit-test";
		};
		76F45B042B037EF0003F1446 /* steps-appUITests */ = {
			isa = PBXNativeTarget;
			buildConfigurationList = 76F45B152B037EF0003F1446 /* Build configuration list for PBXNativeTarget "steps-appUITests" */;
			buildPhases = (
				76F45B012B037EF0003F1446 /* Sources */,
				76F45B022B037EF0003F1446 /* Frameworks */,
				76F45B032B037EF0003F1446 /* Resources */,
			);
			buildRules = (
			);
			dependencies = (
				76F45B072B037EF0003F1446 /* PBXTargetDependency */,
			);
			name = "steps-appUITests";
			productName = "steps-appUITests";
			productReference = 76F45B052B037EF0003F1446 /* steps-appUITests.xctest */;
			productType = "com.apple.product-type.bundle.ui-testing";
		};
/* End PBXNativeTarget section */

/* Begin PBXProject section */
		76F45AE32B037EEE003F1446 /* Project object */ = {
			isa = PBXProject;
			attributes = {
				BuildIndependentTargetsInParallel = 1;
				LastSwiftUpdateCheck = 1500;
				LastUpgradeCheck = 1500;
				TargetAttributes = {
					76F45AEA2B037EEE003F1446 = {
						CreatedOnToolsVersion = 15.0.1;
					};
					76F45AFA2B037EF0003F1446 = {
						CreatedOnToolsVersion = 15.0.1;
						TestTargetID = 76F45AEA2B037EEE003F1446;
					};
					76F45B042B037EF0003F1446 = {
						CreatedOnToolsVersion = 15.0.1;
						TestTargetID = 76F45AEA2B037EEE003F1446;
					};
				};
			};
			buildConfigurationList = 76F45AE62B037EEE003F1446 /* Build configuration list for PBXProject "steps-app" */;
			compatibilityVersion = "Xcode 14.0";
			developmentRegion = en;
			hasScannedForEncodings = 0;
			knownRegions = (
				en,
				Base,
			);
			mainGroup = 76F45AE22B037EEE003F1446;
			packageReferences = (
				76ABE9262B0768020020D2F8 /* XCRemoteSwiftPackageReference "firebase-ios-sdk" */,
			);
			productRefGroup = 76F45AEC2B037EEF003F1446 /* Products */;
			projectDirPath = "";
			projectRoot = "";
			targets = (
				76F45AEA2B037EEE003F1446 /* steps-app */,
				76F45AFA2B037EF0003F1446 /* steps-appTests */,
				76F45B042B037EF0003F1446 /* steps-appUITests */,
			);
		};
/* End PBXProject section */

/* Begin PBXResourcesBuildPhase section */
		76F45AE92B037EEE003F1446 /* Resources */ = {
			isa = PBXResourcesBuildPhase;
			buildActionMask = 2147483647;
			files = (
				76F45AF62B037EF0003F1446 /* Preview Assets.xcassets in Resources */,
				76ABE9252B0766DA0020D2F8 /* GoogleService-Info.plist in Resources */,
				76F45AF32B037EF0003F1446 /* Assets.xcassets in Resources */,
			);
			runOnlyForDeploymentPostprocessing = 0;
		};
		76F45AF92B037EF0003F1446 /* Resources */ = {
			isa = PBXResourcesBuildPhase;
			buildActionMask = 2147483647;
			files = (
			);
			runOnlyForDeploymentPostprocessing = 0;
		};
		76F45B032B037EF0003F1446 /* Resources */ = {
			isa = PBXResourcesBuildPhase;
			buildActionMask = 2147483647;
			files = (
			);
			runOnlyForDeploymentPostprocessing = 0;
		};
/* End PBXResourcesBuildPhase section */

/* Begin PBXSourcesBuildPhase section */
		76F45AE72B037EEE003F1446 /* Sources */ = {
			isa = PBXSourcesBuildPhase;
			buildActionMask = 2147483647;
			files = (
				768DAC5D2B038738000333E7 /* StepsTabView.swift in Sources */,
				76ABE9632B0778F90020D2F8 /* ProfileView.swift in Sources */,
				76ABE95F2B076B670020D2F8 /* LoginView.swift in Sources */,
				768DAC632B038CCB000333E7 /* HealthManager.swift in Sources */,
				768DAC5F2B03884B000333E7 /* HomeView.swift in Sources */,
				76F45AF12B037EEF003F1446 /* ContentView.swift in Sources */,
				76F45AEF2B037EEF003F1446 /* steps_appApp.swift in Sources */,
				76ABE9612B0774210020D2F8 /* UserManager.swift in Sources */,
				768DAC612B03889E000333E7 /* ActivityCard.swift in Sources */,
			);
			runOnlyForDeploymentPostprocessing = 0;
		};
		76F45AF72B037EF0003F1446 /* Sources */ = {
			isa = PBXSourcesBuildPhase;
			buildActionMask = 2147483647;
			files = (
				76F45B002B037EF0003F1446 /* steps_appTests.swift in Sources */,
			);
			runOnlyForDeploymentPostprocessing = 0;
		};
		76F45B012B037EF0003F1446 /* Sources */ = {
			isa = PBXSourcesBuildPhase;
			buildActionMask = 2147483647;
			files = (
				76F45B0C2B037EF0003F1446 /* steps_appUITestsLaunchTests.swift in Sources */,
				76F45B0A2B037EF0003F1446 /* steps_appUITests.swift in Sources */,
			);
			runOnlyForDeploymentPostprocessing = 0;
		};
/* End PBXSourcesBuildPhase section */

/* Begin PBXTargetDependency section */
		76F45AFD2B037EF0003F1446 /* PBXTargetDependency */ = {
			isa = PBXTargetDependency;
			target = 76F45AEA2B037EEE003F1446 /* steps-app */;
			targetProxy = 76F45AFC2B037EF0003F1446 /* PBXContainerItemProxy */;
		};
		76F45B072B037EF0003F1446 /* PBXTargetDependency */ = {
			isa = PBXTargetDependency;
			target = 76F45AEA2B037EEE003F1446 /* steps-app */;
			targetProxy = 76F45B062B037EF0003F1446 /* PBXContainerItemProxy */;
		};
/* End PBXTargetDependency section */

/* Begin XCBuildConfiguration section */
		76F45B0D2B037EF0003F1446 /* Debug */ = {
			isa = XCBuildConfiguration;
			buildSettings = {
				ALWAYS_SEARCH_USER_PATHS = NO;
				ASSETCATALOG_COMPILER_GENERATE_SWIFT_ASSET_SYMBOL_EXTENSIONS = YES;
				CLANG_ANALYZER_NONNULL = YES;
				CLANG_ANALYZER_NUMBER_OBJECT_CONVERSION = YES_AGGRESSIVE;
				CLANG_CXX_LANGUAGE_STANDARD = "gnu++20";
				CLANG_ENABLE_MODULES = YES;
				CLANG_ENABLE_OBJC_ARC = YES;
				CLANG_ENABLE_OBJC_WEAK = YES;
				CLANG_WARN_BLOCK_CAPTURE_AUTORELEASING = YES;
				CLANG_WARN_BOOL_CONVERSION = YES;
				CLANG_WARN_COMMA = YES;
				CLANG_WARN_CONSTANT_CONVERSION = YES;
				CLANG_WARN_DEPRECATED_OBJC_IMPLEMENTATIONS = YES;
				CLANG_WARN_DIRECT_OBJC_ISA_USAGE = YES_ERROR;
				CLANG_WARN_DOCUMENTATION_COMMENTS = YES;
				CLANG_WARN_EMPTY_BODY = YES;
				CLANG_WARN_ENUM_CONVERSION = YES;
				CLANG_WARN_INFINITE_RECURSION = YES;
				CLANG_WARN_INT_CONVERSION = YES;
				CLANG_WARN_NON_LITERAL_NULL_CONVERSION = YES;
				CLANG_WARN_OBJC_IMPLICIT_RETAIN_SELF = YES;
				CLANG_WARN_OBJC_LITERAL_CONVERSION = YES;
				CLANG_WARN_OBJC_ROOT_CLASS = YES_ERROR;
				CLANG_WARN_QUOTED_INCLUDE_IN_FRAMEWORK_HEADER = YES;
				CLANG_WARN_RANGE_LOOP_ANALYSIS = YES;
				CLANG_WARN_STRICT_PROTOTYPES = YES;
				CLANG_WARN_SUSPICIOUS_MOVE = YES;
				CLANG_WARN_UNGUARDED_AVAILABILITY = YES_AGGRESSIVE;
				CLANG_WARN_UNREACHABLE_CODE = YES;
				CLANG_WARN__DUPLICATE_METHOD_MATCH = YES;
				COPY_PHASE_STRIP = NO;
				DEBUG_INFORMATION_FORMAT = dwarf;
				ENABLE_STRICT_OBJC_MSGSEND = YES;
				ENABLE_TESTABILITY = YES;
				ENABLE_USER_SCRIPT_SANDBOXING = YES;
				GCC_C_LANGUAGE_STANDARD = gnu17;
				GCC_DYNAMIC_NO_PIC = NO;
				GCC_NO_COMMON_BLOCKS = YES;
				GCC_OPTIMIZATION_LEVEL = 0;
				GCC_PREPROCESSOR_DEFINITIONS = (
					"DEBUG=1",
					"$(inherited)",
				);
				GCC_WARN_64_TO_32_BIT_CONVERSION = YES;
				GCC_WARN_ABOUT_RETURN_TYPE = YES_ERROR;
				GCC_WARN_UNDECLARED_SELECTOR = YES;
				GCC_WARN_UNINITIALIZED_AUTOS = YES_AGGRESSIVE;
				GCC_WARN_UNUSED_FUNCTION = YES;
				GCC_WARN_UNUSED_VARIABLE = YES;
				IPHONEOS_DEPLOYMENT_TARGET = 17.0;
				LOCALIZATION_PREFERS_STRING_CATALOGS = YES;
				MTL_ENABLE_DEBUG_INFO = INCLUDE_SOURCE;
				MTL_FAST_MATH = YES;
				ONLY_ACTIVE_ARCH = YES;
				SDKROOT = iphoneos;
				SWIFT_ACTIVE_COMPILATION_CONDITIONS = "DEBUG $(inherited)";
				SWIFT_OPTIMIZATION_LEVEL = "-Onone";
			};
			name = Debug;
		};
		76F45B0E2B037EF0003F1446 /* Release */ = {
			isa = XCBuildConfiguration;
			buildSettings = {
				ALWAYS_SEARCH_USER_PATHS = NO;
				ASSETCATALOG_COMPILER_GENERATE_SWIFT_ASSET_SYMBOL_EXTENSIONS = YES;
				CLANG_ANALYZER_NONNULL = YES;
				CLANG_ANALYZER_NUMBER_OBJECT_CONVERSION = YES_AGGRESSIVE;
				CLANG_CXX_LANGUAGE_STANDARD = "gnu++20";
				CLANG_ENABLE_MODULES = YES;
				CLANG_ENABLE_OBJC_ARC = YES;
				CLANG_ENABLE_OBJC_WEAK = YES;
				CLANG_WARN_BLOCK_CAPTURE_AUTORELEASING = YES;
				CLANG_WARN_BOOL_CONVERSION = YES;
				CLANG_WARN_COMMA = YES;
				CLANG_WARN_CONSTANT_CONVERSION = YES;
				CLANG_WARN_DEPRECATED_OBJC_IMPLEMENTATIONS = YES;
				CLANG_WARN_DIRECT_OBJC_ISA_USAGE = YES_ERROR;
				CLANG_WARN_DOCUMENTATION_COMMENTS = YES;
				CLANG_WARN_EMPTY_BODY = YES;
				CLANG_WARN_ENUM_CONVERSION = YES;
				CLANG_WARN_INFINITE_RECURSION = YES;
				CLANG_WARN_INT_CONVERSION = YES;
				CLANG_WARN_NON_LITERAL_NULL_CONVERSION = YES;
				CLANG_WARN_OBJC_IMPLICIT_RETAIN_SELF = YES;
				CLANG_WARN_OBJC_LITERAL_CONVERSION = YES;
				CLANG_WARN_OBJC_ROOT_CLASS = YES_ERROR;
				CLANG_WARN_QUOTED_INCLUDE_IN_FRAMEWORK_HEADER = YES;
				CLANG_WARN_RANGE_LOOP_ANALYSIS = YES;
				CLANG_WARN_STRICT_PROTOTYPES = YES;
				CLANG_WARN_SUSPICIOUS_MOVE = YES;
				CLANG_WARN_UNGUARDED_AVAILABILITY = YES_AGGRESSIVE;
				CLANG_WARN_UNREACHABLE_CODE = YES;
				CLANG_WARN__DUPLICATE_METHOD_MATCH = YES;
				COPY_PHASE_STRIP = NO;
				DEBUG_INFORMATION_FORMAT = "dwarf-with-dsym";
				ENABLE_NS_ASSERTIONS = NO;
				ENABLE_STRICT_OBJC_MSGSEND = YES;
				ENABLE_USER_SCRIPT_SANDBOXING = YES;
				GCC_C_LANGUAGE_STANDARD = gnu17;
				GCC_NO_COMMON_BLOCKS = YES;
				GCC_WARN_64_TO_32_BIT_CONVERSION = YES;
				GCC_WARN_ABOUT_RETURN_TYPE = YES_ERROR;
				GCC_WARN_UNDECLARED_SELECTOR = YES;
				GCC_WARN_UNINITIALIZED_AUTOS = YES_AGGRESSIVE;
				GCC_WARN_UNUSED_FUNCTION = YES;
				GCC_WARN_UNUSED_VARIABLE = YES;
				IPHONEOS_DEPLOYMENT_TARGET = 17.0;
				LOCALIZATION_PREFERS_STRING_CATALOGS = YES;
				MTL_ENABLE_DEBUG_INFO = NO;
				MTL_FAST_MATH = YES;
				SDKROOT = iphoneos;
				SWIFT_COMPILATION_MODE = wholemodule;
				VALIDATE_PRODUCT = YES;
			};
			name = Release;
		};
		76F45B102B037EF0003F1446 /* Debug */ = {
			isa = XCBuildConfiguration;
			buildSettings = {
				ASSETCATALOG_COMPILER_APPICON_NAME = AppIcon;
				ASSETCATALOG_COMPILER_GLOBAL_ACCENT_COLOR_NAME = AccentColor;
				CODE_SIGN_ENTITLEMENTS = "steps-app/steps-app.entitlements";
				CODE_SIGN_STYLE = Automatic;
				CURRENT_PROJECT_VERSION = 1;
				DEVELOPMENT_ASSET_PATHS = "\"steps-app/Preview Content\"";
				DEVELOPMENT_TEAM = 3R6252728A;
				ENABLE_PREVIEWS = YES;
				GENERATE_INFOPLIST_FILE = YES;
				INFOPLIST_KEY_NSHealthClinicalHealthRecordsShareUsageDescription = "We only need access to the Health app to get your step count.";
				INFOPLIST_KEY_NSHealthShareUsageDescription = "We only need access to the Health app to get your step count.";
				INFOPLIST_KEY_UIApplicationSceneManifest_Generation = YES;
				INFOPLIST_KEY_UIApplicationSupportsIndirectInputEvents = YES;
				INFOPLIST_KEY_UILaunchScreen_Generation = YES;
				INFOPLIST_KEY_UISupportedInterfaceOrientations_iPad = "UIInterfaceOrientationPortrait UIInterfaceOrientationPortraitUpsideDown UIInterfaceOrientationLandscapeLeft UIInterfaceOrientationLandscapeRight";
				INFOPLIST_KEY_UISupportedInterfaceOrientations_iPhone = "UIInterfaceOrientationPortrait UIInterfaceOrientationLandscapeLeft UIInterfaceOrientationLandscapeRight";
				IPHONEOS_DEPLOYMENT_TARGET = 16.6;
				LD_RUNPATH_SEARCH_PATHS = (
					"$(inherited)",
					"@executable_path/Frameworks",
				);
				MARKETING_VERSION = 1.0;
				PRODUCT_BUNDLE_IDENTIFIER = "eetueskelinen.steps-app";
				PRODUCT_NAME = "$(TARGET_NAME)";
				SWIFT_EMIT_LOC_STRINGS = YES;
				SWIFT_VERSION = 5.0;
				TARGETED_DEVICE_FAMILY = "1,2";
			};
			name = Debug;
		};
		76F45B112B037EF0003F1446 /* Release */ = {
			isa = XCBuildConfiguration;
			buildSettings = {
				ASSETCATALOG_COMPILER_APPICON_NAME = AppIcon;
				ASSETCATALOG_COMPILER_GLOBAL_ACCENT_COLOR_NAME = AccentColor;
				CODE_SIGN_ENTITLEMENTS = "steps-app/steps-app.entitlements";
				CODE_SIGN_STYLE = Automatic;
				CURRENT_PROJECT_VERSION = 1;
				DEVELOPMENT_ASSET_PATHS = "\"steps-app/Preview Content\"";
				DEVELOPMENT_TEAM = 3R6252728A;
				ENABLE_PREVIEWS = YES;
				GENERATE_INFOPLIST_FILE = YES;
				INFOPLIST_KEY_NSHealthClinicalHealthRecordsShareUsageDescription = "We only need access to the Health app to get your step count.";
				INFOPLIST_KEY_NSHealthShareUsageDescription = "We only need access to the Health app to get your step count.";
				INFOPLIST_KEY_UIApplicationSceneManifest_Generation = YES;
				INFOPLIST_KEY_UIApplicationSupportsIndirectInputEvents = YES;
				INFOPLIST_KEY_UILaunchScreen_Generation = YES;
				INFOPLIST_KEY_UISupportedInterfaceOrientations_iPad = "UIInterfaceOrientationPortrait UIInterfaceOrientationPortraitUpsideDown UIInterfaceOrientationLandscapeLeft UIInterfaceOrientationLandscapeRight";
				INFOPLIST_KEY_UISupportedInterfaceOrientations_iPhone = "UIInterfaceOrientationPortrait UIInterfaceOrientationLandscapeLeft UIInterfaceOrientationLandscapeRight";
				IPHONEOS_DEPLOYMENT_TARGET = 16.6;
				LD_RUNPATH_SEARCH_PATHS = (
					"$(inherited)",
					"@executable_path/Frameworks",
				);
				MARKETING_VERSION = 1.0;
				PRODUCT_BUNDLE_IDENTIFIER = "eetueskelinen.steps-app";
				PRODUCT_NAME = "$(TARGET_NAME)";
				SWIFT_EMIT_LOC_STRINGS = YES;
				SWIFT_VERSION = 5.0;
				TARGETED_DEVICE_FAMILY = "1,2";
			};
			name = Release;
		};
		76F45B132B037EF0003F1446 /* Debug */ = {
			isa = XCBuildConfiguration;
			buildSettings = {
				ALWAYS_EMBED_SWIFT_STANDARD_LIBRARIES = YES;
				BUNDLE_LOADER = "$(TEST_HOST)";
				CODE_SIGN_STYLE = Automatic;
				CURRENT_PROJECT_VERSION = 1;
				GENERATE_INFOPLIST_FILE = YES;
				IPHONEOS_DEPLOYMENT_TARGET = 17.0;
				MARKETING_VERSION = 1.0;
				PRODUCT_BUNDLE_IDENTIFIER = "eetueskelinen.steps-appTests";
				PRODUCT_NAME = "$(TARGET_NAME)";
				SWIFT_EMIT_LOC_STRINGS = NO;
				SWIFT_VERSION = 5.0;
				TARGETED_DEVICE_FAMILY = "1,2";
				TEST_HOST = "$(BUILT_PRODUCTS_DIR)/steps-app.app/$(BUNDLE_EXECUTABLE_FOLDER_PATH)/steps-app";
			};
			name = Debug;
		};
		76F45B142B037EF0003F1446 /* Release */ = {
			isa = XCBuildConfiguration;
			buildSettings = {
				ALWAYS_EMBED_SWIFT_STANDARD_LIBRARIES = YES;
				BUNDLE_LOADER = "$(TEST_HOST)";
				CODE_SIGN_STYLE = Automatic;
				CURRENT_PROJECT_VERSION = 1;
				GENERATE_INFOPLIST_FILE = YES;
				IPHONEOS_DEPLOYMENT_TARGET = 17.0;
				MARKETING_VERSION = 1.0;
				PRODUCT_BUNDLE_IDENTIFIER = "eetueskelinen.steps-appTests";
				PRODUCT_NAME = "$(TARGET_NAME)";
				SWIFT_EMIT_LOC_STRINGS = NO;
				SWIFT_VERSION = 5.0;
				TARGETED_DEVICE_FAMILY = "1,2";
				TEST_HOST = "$(BUILT_PRODUCTS_DIR)/steps-app.app/$(BUNDLE_EXECUTABLE_FOLDER_PATH)/steps-app";
			};
			name = Release;
		};
		76F45B162B037EF0003F1446 /* Debug */ = {
			isa = XCBuildConfiguration;
			buildSettings = {
				ALWAYS_EMBED_SWIFT_STANDARD_LIBRARIES = YES;
				CODE_SIGN_STYLE = Automatic;
				CURRENT_PROJECT_VERSION = 1;
				GENERATE_INFOPLIST_FILE = YES;
				MARKETING_VERSION = 1.0;
				PRODUCT_BUNDLE_IDENTIFIER = "eetueskelinen.steps-appUITests";
				PRODUCT_NAME = "$(TARGET_NAME)";
				SWIFT_EMIT_LOC_STRINGS = NO;
				SWIFT_VERSION = 5.0;
				TARGETED_DEVICE_FAMILY = "1,2";
				TEST_TARGET_NAME = "steps-app";
			};
			name = Debug;
		};
		76F45B172B037EF0003F1446 /* Release */ = {
			isa = XCBuildConfiguration;
			buildSettings = {
				ALWAYS_EMBED_SWIFT_STANDARD_LIBRARIES = YES;
				CODE_SIGN_STYLE = Automatic;
				CURRENT_PROJECT_VERSION = 1;
				GENERATE_INFOPLIST_FILE = YES;
				MARKETING_VERSION = 1.0;
				PRODUCT_BUNDLE_IDENTIFIER = "eetueskelinen.steps-appUITests";
				PRODUCT_NAME = "$(TARGET_NAME)";
				SWIFT_EMIT_LOC_STRINGS = NO;
				SWIFT_VERSION = 5.0;
				TARGETED_DEVICE_FAMILY = "1,2";
				TEST_TARGET_NAME = "steps-app";
			};
			name = Release;
		};
/* End XCBuildConfiguration section */

/* Begin XCConfigurationList section */
		76F45AE62B037EEE003F1446 /* Build configuration list for PBXProject "steps-app" */ = {
			isa = XCConfigurationList;
			buildConfigurations = (
				76F45B0D2B037EF0003F1446 /* Debug */,
				76F45B0E2B037EF0003F1446 /* Release */,
			);
			defaultConfigurationIsVisible = 0;
			defaultConfigurationName = Release;
		};
		76F45B0F2B037EF0003F1446 /* Build configuration list for PBXNativeTarget "steps-app" */ = {
			isa = XCConfigurationList;
			buildConfigurations = (
				76F45B102B037EF0003F1446 /* Debug */,
				76F45B112B037EF0003F1446 /* Release */,
			);
			defaultConfigurationIsVisible = 0;
			defaultConfigurationName = Release;
		};
		76F45B122B037EF0003F1446 /* Build configuration list for PBXNativeTarget "steps-appTests" */ = {
			isa = XCConfigurationList;
			buildConfigurations = (
				76F45B132B037EF0003F1446 /* Debug */,
				76F45B142B037EF0003F1446 /* Release */,
			);
			defaultConfigurationIsVisible = 0;
			defaultConfigurationName = Release;
		};
		76F45B152B037EF0003F1446 /* Build configuration list for PBXNativeTarget "steps-appUITests" */ = {
			isa = XCConfigurationList;
			buildConfigurations = (
				76F45B162B037EF0003F1446 /* Debug */,
				76F45B172B037EF0003F1446 /* Release */,
			);
			defaultConfigurationIsVisible = 0;
			defaultConfigurationName = Release;
		};
/* End XCConfigurationList section */

/* Begin XCRemoteSwiftPackageReference section */
		76ABE9262B0768020020D2F8 /* XCRemoteSwiftPackageReference "firebase-ios-sdk" */ = {
			isa = XCRemoteSwiftPackageReference;
			repositoryURL = "https://github.com/firebase/firebase-ios-sdk";
			requirement = {
				kind = upToNextMajorVersion;
				minimumVersion = 10.18.0;
			};
		};
/* End XCRemoteSwiftPackageReference section */

/* Begin XCSwiftPackageProductDependency section */
		76ABE9302B0769190020D2F8 /* FirebaseAppCheck */ = {
			isa = XCSwiftPackageProductDependency;
			package = 76ABE9262B0768020020D2F8 /* XCRemoteSwiftPackageReference "firebase-ios-sdk" */;
			productName = FirebaseAppCheck;
		};
		76ABE9342B0769190020D2F8 /* FirebaseAuth */ = {
			isa = XCSwiftPackageProductDependency;
			package = 76ABE9262B0768020020D2F8 /* XCRemoteSwiftPackageReference "firebase-ios-sdk" */;
			productName = FirebaseAuth;
		};
		76ABE9362B0769190020D2F8 /* FirebaseAuthCombine-Community */ = {
			isa = XCSwiftPackageProductDependency;
			package = 76ABE9262B0768020020D2F8 /* XCRemoteSwiftPackageReference "firebase-ios-sdk" */;
			productName = "FirebaseAuthCombine-Community";
		};
		76ABE93A2B0769190020D2F8 /* FirebaseDatabase */ = {
			isa = XCSwiftPackageProductDependency;
			package = 76ABE9262B0768020020D2F8 /* XCRemoteSwiftPackageReference "firebase-ios-sdk" */;
			productName = FirebaseDatabase;
		};
		76ABE93C2B0769190020D2F8 /* FirebaseDatabaseSwift */ = {
			isa = XCSwiftPackageProductDependency;
			package = 76ABE9262B0768020020D2F8 /* XCRemoteSwiftPackageReference "firebase-ios-sdk" */;
			productName = FirebaseDatabaseSwift;
		};
		76ABE9402B0769190020D2F8 /* FirebaseFirestore */ = {
			isa = XCSwiftPackageProductDependency;
			package = 76ABE9262B0768020020D2F8 /* XCRemoteSwiftPackageReference "firebase-ios-sdk" */;
			productName = FirebaseFirestore;
		};
		76ABE9422B0769190020D2F8 /* FirebaseFirestoreCombine-Community */ = {
			isa = XCSwiftPackageProductDependency;
			package = 76ABE9262B0768020020D2F8 /* XCRemoteSwiftPackageReference "firebase-ios-sdk" */;
			productName = "FirebaseFirestoreCombine-Community";
		};
		76ABE9442B0769190020D2F8 /* FirebaseFirestoreSwift */ = {
			isa = XCSwiftPackageProductDependency;
			package = 76ABE9262B0768020020D2F8 /* XCRemoteSwiftPackageReference "firebase-ios-sdk" */;
			productName = FirebaseFirestoreSwift;
		};
		76ABE9462B0769190020D2F8 /* FirebaseFunctions */ = {
			isa = XCSwiftPackageProductDependency;
			package = 76ABE9262B0768020020D2F8 /* XCRemoteSwiftPackageReference "firebase-ios-sdk" */;
			productName = FirebaseFunctions;
		};
		76ABE94E2B0769190020D2F8 /* FirebaseInstallations */ = {
			isa = XCSwiftPackageProductDependency;
			package = 76ABE9262B0768020020D2F8 /* XCRemoteSwiftPackageReference "firebase-ios-sdk" */;
			productName = FirebaseInstallations;
		};
		76ABE95A2B0769190020D2F8 /* FirebaseStorage */ = {
			isa = XCSwiftPackageProductDependency;
			package = 76ABE9262B0768020020D2F8 /* XCRemoteSwiftPackageReference "firebase-ios-sdk" */;
			productName = FirebaseStorage;
		};
		76ABE95C2B0769190020D2F8 /* FirebaseStorageCombine-Community */ = {
			isa = XCSwiftPackageProductDependency;
			package = 76ABE9262B0768020020D2F8 /* XCRemoteSwiftPackageReference "firebase-ios-sdk" */;
			productName = "FirebaseStorageCombine-Community";
		};
/* End XCSwiftPackageProductDependency section */
	};
	rootObject = 76F45AE32B037EEE003F1446 /* Project object */;
}
